
Microsoft Visual Studio Solution File, Format Version 12.00
# Visual Studio Version 17
VisualStudioVersion = 17.11.35312.102
MinimumVisualStudioVersion = 10.0.40219.1
Project("{8BC9CEB8-8B4A-11D0-8D11-00A0C91BC942}") = "SDLLevels", "SDLLevels\SDLLevels.vcxproj", "{407547D0-9139-491F-BE22-7F8ED71F50FB}"
EndProject
Global
	GlobalSection(SolutionConfigurationPlatforms) = preSolution
		Debug|x64 = Debug|x64
		Debug|x86 = Debug|x86
		Release|x64 = Release|x64
		Release|x86 = Release|x86
	EndGlobalSection
	GlobalSection(ProjectConfigurationPlatforms) = postSolution
		{407547D0-9139-491F-BE22-7F8ED71F50FB}.Debug|x64.ActiveCfg = Debug|x64
		{407547D0-9139-491F-BE22-7F8ED71F50FB}.Debug|x64.Build.0 = Debug|x64
		{407547D0-9139-491F-BE22-7F8ED71F50FB}.Debug|x86.ActiveCfg = Debug|Win32
		{407547D0-9139-491F-BE22-7F8ED71F50FB}.Debug|x86.Build.0 = Debug|Win32
		{407547D0-9139-491F-BE22-7F8ED71F50FB}.Release|x64.ActiveCfg = Release|x64
		{407547D0-9139-491F-BE22-7F8ED71F50FB}.Release|x64.Build.0 = Release|x64
		{407547D0-9139-491F-BE22-7F8ED71F50FB}.Release|x86.ActiveCfg = Release|Win32
		{407547D0-9139-491F-BE22-7F8ED71F50FB}.Release|x86.Build.0 = Release|Win32
	EndGlobalSection
	GlobalSection(SolutionProperties) = preSolution
		HideSolutionNode = FALSE
	EndGlobalSection
	GlobalSection(ExtensibilityGlobals) = postSolution
		SolutionGuid = {17584673-C07D-4038-BADB-2A2D931B9A55}
	EndGlobalSection
EndGlobal
